// !$*UTF8*$!
{
	archiveVersion = 1;
	classes = {
	};
	objectVersion = 50;
	objects = {

/* Begin PBXBuildFile section */
		BA6D296E23B4D2230066CCE5 /* NewChecklistItemView.swift in Sources */ = {isa = PBXBuildFile; fileRef = BA6D296D23B4D2230066CCE5 /* NewChecklistItemView.swift */; };
		BAD362AA23B9D341002CC0E3 /* RowView.swift in Sources */ = {isa = PBXBuildFile; fileRef = BAD362A923B9D341002CC0E3 /* RowView.swift */; };
		BAD362AF23B9EAE1002CC0E3 /* IndexedCollection.swift in Sources */ = {isa = PBXBuildFile; fileRef = BAD362AC23B9EAE1002CC0E3 /* IndexedCollection.swift */; };
		BAD362B023B9EAE1002CC0E3 /* Binding.swift in Sources */ = {isa = PBXBuildFile; fileRef = BAD362AD23B9EAE1002CC0E3 /* Binding.swift */; };
		BAD362B123B9EAE1002CC0E3 /* ForEach.swift in Sources */ = {isa = PBXBuildFile; fileRef = BAD362AE23B9EAE1002CC0E3 /* ForEach.swift */; };
		BAE4C88723B477C5004377C7 /* AppDelegate.swift in Sources */ = {isa = PBXBuildFile; fileRef = BAE4C88623B477C5004377C7 /* AppDelegate.swift */; };
		BAE4C88923B477C5004377C7 /* SceneDelegate.swift in Sources */ = {isa = PBXBuildFile; fileRef = BAE4C88823B477C5004377C7 /* SceneDelegate.swift */; };
		BAE4C88B23B477C5004377C7 /* ChecklistView.swift in Sources */ = {isa = PBXBuildFile; fileRef = BAE4C88A23B477C5004377C7 /* ChecklistView.swift */; };
		BAE4C88D23B477C9004377C7 /* Assets.xcassets in Resources */ = {isa = PBXBuildFile; fileRef = BAE4C88C23B477C9004377C7 /* Assets.xcassets */; };
		BAE4C89023B477C9004377C7 /* Preview Assets.xcassets in Resources */ = {isa = PBXBuildFile; fileRef = BAE4C88F23B477C9004377C7 /* Preview Assets.xcassets */; };
		BAE4C89323B477C9004377C7 /* LaunchScreen.storyboard in Resources */ = {isa = PBXBuildFile; fileRef = BAE4C89123B477C9004377C7 /* LaunchScreen.storyboard */; };
		BAE4C89C23B4B094004377C7 /* ChecklistItem.swift in Sources */ = {isa = PBXBuildFile; fileRef = BAE4C89B23B4B094004377C7 /* ChecklistItem.swift */; };
		BAE4C89F23B4C33E004377C7 /* ChecklistViewModel.swift in Sources */ = {isa = PBXBuildFile; fileRef = BAE4C89E23B4C33E004377C7 /* ChecklistViewModel.swift */; };
		BAE4C8A223B4CE1B004377C7 /* EditChecklistItemView.swift in Sources */ = {isa = PBXBuildFile; fileRef = BAE4C8A123B4CE1B004377C7 /* EditChecklistItemView.swift */; };
/* End PBXBuildFile section */

/* Begin PBXFileReference section */
		BA6D296D23B4D2230066CCE5 /* NewChecklistItemView.swift */ = {isa = PBXFileReference; lastKnownFileType = sourcecode.swift; path = NewChecklistItemView.swift; sourceTree = "<group>"; };
		BAD362A923B9D341002CC0E3 /* RowView.swift */ = {isa = PBXFileReference; lastKnownFileType = sourcecode.swift; path = RowView.swift; sourceTree = "<group>"; };
		BAD362AC23B9EAE1002CC0E3 /* IndexedCollection.swift */ = {isa = PBXFileReference; fileEncoding = 4; lastKnownFileType = sourcecode.swift; path = IndexedCollection.swift; sourceTree = "<group>"; };
		BAD362AD23B9EAE1002CC0E3 /* Binding.swift */ = {isa = PBXFileReference; fileEncoding = 4; lastKnownFileType = sourcecode.swift; path = Binding.swift; sourceTree = "<group>"; };
		BAD362AE23B9EAE1002CC0E3 /* ForEach.swift */ = {isa = PBXFileReference; fileEncoding = 4; lastKnownFileType = sourcecode.swift; path = ForEach.swift; sourceTree = "<group>"; };
		BAE4C88323B477C5004377C7 /* ChecklistSwiftUI.app */ = {isa = PBXFileReference; explicitFileType = wrapper.application; includeInIndex = 0; path = ChecklistSwiftUI.app; sourceTree = BUILT_PRODUCTS_DIR; };
		BAE4C88623B477C5004377C7 /* AppDelegate.swift */ = {isa = PBXFileReference; lastKnownFileType = sourcecode.swift; path = AppDelegate.swift; sourceTree = "<group>"; };
		BAE4C88823B477C5004377C7 /* SceneDelegate.swift */ = {isa = PBXFileReference; lastKnownFileType = sourcecode.swift; path = SceneDelegate.swift; sourceTree = "<group>"; };
		BAE4C88A23B477C5004377C7 /* ChecklistView.swift */ = {isa = PBXFileReference; lastKnownFileType = sourcecode.swift; path = ChecklistView.swift; sourceTree = "<group>"; };
		BAE4C88C23B477C9004377C7 /* Assets.xcassets */ = {isa = PBXFileReference; lastKnownFileType = folder.assetcatalog; path = Assets.xcassets; sourceTree = "<group>"; };
		BAE4C88F23B477C9004377C7 /* Preview Assets.xcassets */ = {isa = PBXFileReference; lastKnownFileType = folder.assetcatalog; path = "Preview Assets.xcassets"; sourceTree = "<group>"; };
		BAE4C89223B477C9004377C7 /* Base */ = {isa = PBXFileReference; lastKnownFileType = file.storyboard; name = Base; path = Base.lproj/LaunchScreen.storyboard; sourceTree = "<group>"; };
		BAE4C89423B477C9004377C7 /* Info.plist */ = {isa = PBXFileReference; lastKnownFileType = text.plist.xml; path = Info.plist; sourceTree = "<group>"; };
		BAE4C89B23B4B094004377C7 /* ChecklistItem.swift */ = {isa = PBXFileReference; lastKnownFileType = sourcecode.swift; path = ChecklistItem.swift; sourceTree = "<group>"; };
		BAE4C89E23B4C33E004377C7 /* ChecklistViewModel.swift */ = {isa = PBXFileReference; lastKnownFileType = sourcecode.swift; path = ChecklistViewModel.swift; sourceTree = "<group>"; };
		BAE4C8A123B4CE1B004377C7 /* EditChecklistItemView.swift */ = {isa = PBXFileReference; lastKnownFileType = sourcecode.swift; path = EditChecklistItemView.swift; sourceTree = "<group>"; };
/* End PBXFileReference section */

/* Begin PBXFrameworksBuildPhase section */
		BAE4C88023B477C5004377C7 /* Frameworks */ = {
			isa = PBXFrameworksBuildPhase;
			buildActionMask = 2147483647;
			files = (
			);
			runOnlyForDeploymentPostprocessing = 0;
		};
/* End PBXFrameworksBuildPhase section */

/* Begin PBXGroup section */
		BAD362A823B9D32A002CC0E3 /* CustomViews */ = {
			isa = PBXGroup;
			children = (
				BAD362A923B9D341002CC0E3 /* RowView.swift */,
			);
			path = CustomViews;
			sourceTree = "<group>";
		};
		BAD362AB23B9EAE1002CC0E3 /* Extensions */ = {
			isa = PBXGroup;
			children = (
				BAD362AC23B9EAE1002CC0E3 /* IndexedCollection.swift */,
				BAD362AD23B9EAE1002CC0E3 /* Binding.swift */,
				BAD362AE23B9EAE1002CC0E3 /* ForEach.swift */,
			);
			path = Extensions;
			sourceTree = "<group>";
		};
		BAE4C87A23B477C5004377C7 = {
			isa = PBXGroup;
			children = (
				BAE4C88523B477C5004377C7 /* ChecklistSwiftUI */,
				BAE4C88423B477C5004377C7 /* Products */,
			);
			sourceTree = "<group>";
		};
		BAE4C88423B477C5004377C7 /* Products */ = {
			isa = PBXGroup;
			children = (
				BAE4C88323B477C5004377C7 /* ChecklistSwiftUI.app */,
			);
			name = Products;
			sourceTree = "<group>";
		};
		BAE4C88523B477C5004377C7 /* ChecklistSwiftUI */ = {
			isa = PBXGroup;
			children = (
				BAD362AB23B9EAE1002CC0E3 /* Extensions */,
				BAE4C89A23B4B08A004377C7 /* Models */,
				BAE4C8A023B4C382004377C7 /* Views */,
				BAE4C89D23B4C325004377C7 /* ViewModel */,
				BAE4C88623B477C5004377C7 /* AppDelegate.swift */,
				BAE4C88823B477C5004377C7 /* SceneDelegate.swift */,
				BAE4C88C23B477C9004377C7 /* Assets.xcassets */,
				BAE4C89123B477C9004377C7 /* LaunchScreen.storyboard */,
				BAE4C89423B477C9004377C7 /* Info.plist */,
				BAE4C88E23B477C9004377C7 /* Preview Content */,
			);
			path = ChecklistSwiftUI;
			sourceTree = "<group>";
		};
		BAE4C88E23B477C9004377C7 /* Preview Content */ = {
			isa = PBXGroup;
			children = (
				BAE4C88F23B477C9004377C7 /* Preview Assets.xcassets */,
			);
			path = "Preview Content";
			sourceTree = "<group>";
		};
		BAE4C89A23B4B08A004377C7 /* Models */ = {
			isa = PBXGroup;
			children = (
				BAE4C89B23B4B094004377C7 /* ChecklistItem.swift */,
			);
			path = Models;
			sourceTree = "<group>";
		};
		BAE4C89D23B4C325004377C7 /* ViewModel */ = {
			isa = PBXGroup;
			children = (
				BAE4C89E23B4C33E004377C7 /* ChecklistViewModel.swift */,
			);
			path = ViewModel;
			sourceTree = "<group>";
		};
		BAE4C8A023B4C382004377C7 /* Views */ = {
			isa = PBXGroup;
			children = (
				BAD362A823B9D32A002CC0E3 /* CustomViews */,
				BAE4C88A23B477C5004377C7 /* ChecklistView.swift */,
				BAE4C8A123B4CE1B004377C7 /* EditChecklistItemView.swift */,
				BA6D296D23B4D2230066CCE5 /* NewChecklistItemView.swift */,
			);
			path = Views;
			sourceTree = "<group>";
		};
/* End PBXGroup section */

/* Begin PBXNativeTarget section */
		BAE4C88223B477C5004377C7 /* ChecklistSwiftUI */ = {
			isa = PBXNativeTarget;
			buildConfigurationList = BAE4C89723B477C9004377C7 /* Build configuration list for PBXNativeTarget "ChecklistSwiftUI" */;
			buildPhases = (
				BAE4C87F23B477C5004377C7 /* Sources */,
				BAE4C88023B477C5004377C7 /* Frameworks */,
				BAE4C88123B477C5004377C7 /* Resources */,
			);
			buildRules = (
			);
			dependencies = (
			);
			name = ChecklistSwiftUI;
			productName = ChecklistSwiftUI;
			productReference = BAE4C88323B477C5004377C7 /* ChecklistSwiftUI.app */;
			productType = "com.apple.product-type.application";
		};
/* End PBXNativeTarget section */

/* Begin PBXProject section */
		BAE4C87B23B477C5004377C7 /* Project object */ = {
			isa = PBXProject;
			attributes = {
				LastSwiftUpdateCheck = 1130;
				LastUpgradeCheck = 1130;
				ORGANIZATIONNAME = "Sagun Raj Lage";
				TargetAttributes = {
					BAE4C88223B477C5004377C7 = {
						CreatedOnToolsVersion = 11.3;
					};
				};
			};
			buildConfigurationList = BAE4C87E23B477C5004377C7 /* Build configuration list for PBXProject "ChecklistSwiftUI" */;
			compatibilityVersion = "Xcode 9.3";
			developmentRegion = en;
			hasScannedForEncodings = 0;
			knownRegions = (
				en,
				Base,
			);
			mainGroup = BAE4C87A23B477C5004377C7;
			productRefGroup = BAE4C88423B477C5004377C7 /* Products */;
			projectDirPath = "";
			projectRoot = "";
			targets = (
				BAE4C88223B477C5004377C7 /* ChecklistSwiftUI */,
			);
		};
/* End PBXProject section */

/* Begin PBXResourcesBuildPhase section */
		BAE4C88123B477C5004377C7 /* Resources */ = {
			isa = PBXResourcesBuildPhase;
			buildActionMask = 2147483647;
			files = (
				BAE4C89323B477C9004377C7 /* LaunchScreen.storyboard in Resources */,
				BAE4C89023B477C9004377C7 /* Preview Assets.xcassets in Resources */,
				BAE4C88D23B477C9004377C7 /* Assets.xcassets in Resources */,
			);
			runOnlyForDeploymentPostprocessing = 0;
		};
/* End PBXResourcesBuildPhase section */

/* Begin PBXSourcesBuildPhase section */
		BAE4C87F23B477C5004377C7 /* Sources */ = {
			isa = PBXSourcesBuildPhase;
			buildActionMask = 2147483647;
			files = (
				BAE4C88723B477C5004377C7 /* AppDelegate.swift in Sources */,
				BAE4C88923B477C5004377C7 /* SceneDelegate.swift in Sources */,
				BAD362B123B9EAE1002CC0E3 /* ForEach.swift in Sources */,
				BAD362AF23B9EAE1002CC0E3 /* IndexedCollection.swift in Sources */,
				BAE4C88B23B477C5004377C7 /* ChecklistView.swift in Sources */,
				BAD362AA23B9D341002CC0E3 /* RowView.swift in Sources */,
				BAE4C89C23B4B094004377C7 /* ChecklistItem.swift in Sources */,
				BAE4C8A223B4CE1B004377C7 /* EditChecklistItemView.swift in Sources */,
				BA6D296E23B4D2230066CCE5 /* NewChecklistItemView.swift in Sources */,
				BAE4C89F23B4C33E004377C7 /* ChecklistViewModel.swift in Sources */,
				BAD362B023B9EAE1002CC0E3 /* Binding.swift in Sources */,
			);
			runOnlyForDeploymentPostprocessing = 0;
		};
/* End PBXSourcesBuildPhase section */

/* Begin PBXVariantGroup section */
		BAE4C89123B477C9004377C7 /* LaunchScreen.storyboard */ = {
			isa = PBXVariantGroup;
			children = (
				BAE4C89223B477C9004377C7 /* Base */,
			);
			name = LaunchScreen.storyboard;
			sourceTree = "<group>";
		};
/* End PBXVariantGroup section */

/* Begin XCBuildConfiguration section */
		BAE4C89523B477C9004377C7 /* Debug */ = {
			isa = XCBuildConfiguration;
			buildSettings = {
				ALWAYS_SEARCH_USER_PATHS = NO;
				CLANG_ANALYZER_NONNULL = YES;
				CLANG_ANALYZER_NUMBER_OBJECT_CONVERSION = YES_AGGRESSIVE;
				CLANG_CXX_LANGUAGE_STANDARD = "gnu++14";
				CLANG_CXX_LIBRARY = "libc++";
				CLANG_ENABLE_MODULES = YES;
				CLANG_ENABLE_OBJC_ARC = YES;
				CLANG_ENABLE_OBJC_WEAK = YES;
				CLANG_WARN_BLOCK_CAPTURE_AUTORELEASING = YES;
				CLANG_WARN_BOOL_CONVERSION = YES;
				CLANG_WARN_COMMA = YES;
				CLANG_WARN_CONSTANT_CONVERSION = YES;
				CLANG_WARN_DEPRECATED_OBJC_IMPLEMENTATIONS = YES;
				CLANG_WARN_DIRECT_OBJC_ISA_USAGE = YES_ERROR;
				CLANG_WARN_DOCUMENTATION_COMMENTS = YES;
				CLANG_WARN_EMPTY_BODY = YES;
				CLANG_WARN_ENUM_CONVERSION = YES;
				CLANG_WARN_INFINITE_RECURSION = YES;
				CLANG_WARN_INT_CONVERSION = YES;
				CLANG_WARN_NON_LITERAL_NULL_CONVERSION = YES;
				CLANG_WARN_OBJC_IMPLICIT_RETAIN_SELF = YES;
				CLANG_WARN_OBJC_LITERAL_CONVERSION = YES;
				CLANG_WARN_OBJC_ROOT_CLASS = YES_ERROR;
				CLANG_WARN_RANGE_LOOP_ANALYSIS = YES;
				CLANG_WARN_STRICT_PROTOTYPES = YES;
				CLANG_WARN_SUSPICIOUS_MOVE = YES;
				CLANG_WARN_UNGUARDED_AVAILABILITY = YES_AGGRESSIVE;
				CLANG_WARN_UNREACHABLE_CODE = YES;
				CLANG_WARN__DUPLICATE_METHOD_MATCH = YES;
				COPY_PHASE_STRIP = NO;
				DEBUG_INFORMATION_FORMAT = dwarf;
				ENABLE_STRICT_OBJC_MSGSEND = YES;
				ENABLE_TESTABILITY = YES;
				GCC_C_LANGUAGE_STANDARD = gnu11;
				GCC_DYNAMIC_NO_PIC = NO;
				GCC_NO_COMMON_BLOCKS = YES;
				GCC_OPTIMIZATION_LEVEL = 0;
				GCC_PREPROCESSOR_DEFINITIONS = (
					"DEBUG=1",
					"$(inherited)",
				);
				GCC_WARN_64_TO_32_BIT_CONVERSION = YES;
				GCC_WARN_ABOUT_RETURN_TYPE = YES_ERROR;
				GCC_WARN_UNDECLARED_SELECTOR = YES;
				GCC_WARN_UNINITIALIZED_AUTOS = YES_AGGRESSIVE;
				GCC_WARN_UNUSED_FUNCTION = YES;
				GCC_WARN_UNUSED_VARIABLE = YES;
				IPHONEOS_DEPLOYMENT_TARGET = 13.2;
				MTL_ENABLE_DEBUG_INFO = INCLUDE_SOURCE;
				MTL_FAST_MATH = YES;
				ONLY_ACTIVE_ARCH = YES;
				SDKROOT = iphoneos;
				SWIFT_ACTIVE_COMPILATION_CONDITIONS = DEBUG;
				SWIFT_OPTIMIZATION_LEVEL = "-Onone";
			};
			name = Debug;
		};
		BAE4C89623B477C9004377C7 /* Release */ = {
			isa = XCBuildConfiguration;
			buildSettings = {
				ALWAYS_SEARCH_USER_PATHS = NO;
				CLANG_ANALYZER_NONNULL = YES;
				CLANG_ANALYZER_NUMBER_OBJECT_CONVERSION = YES_AGGRESSIVE;
				CLANG_CXX_LANGUAGE_STANDARD = "gnu++14";
				CLANG_CXX_LIBRARY = "libc++";
				CLANG_ENABLE_MODULES = YES;
				CLANG_ENABLE_OBJC_ARC = YES;
				CLANG_ENABLE_OBJC_WEAK = YES;
				CLANG_WARN_BLOCK_CAPTURE_AUTORELEASING = YES;
				CLANG_WARN_BOOL_CONVERSION = YES;
				CLANG_WARN_COMMA = YES;
				CLANG_WARN_CONSTANT_CONVERSION = YES;
				CLANG_WARN_DEPRECATED_OBJC_IMPLEMENTATIONS = YES;
				CLANG_WARN_DIRECT_OBJC_ISA_USAGE = YES_ERROR;
				CLANG_WARN_DOCUMENTATION_COMMENTS = YES;
				CLANG_WARN_EMPTY_BODY = YES;
				CLANG_WARN_ENUM_CONVERSION = YES;
				CLANG_WARN_INFINITE_RECURSION = YES;
				CLANG_WARN_INT_CONVERSION = YES;
				CLANG_WARN_NON_LITERAL_NULL_CONVERSION = YES;
				CLANG_WARN_OBJC_IMPLICIT_RETAIN_SELF = YES;
				CLANG_WARN_OBJC_LITERAL_CONVERSION = YES;
				CLANG_WARN_OBJC_ROOT_CLASS = YES_ERROR;
				CLANG_WARN_RANGE_LOOP_ANALYSIS = YES;
				CLANG_WARN_STRICT_PROTOTYPES = YES;
				CLANG_WARN_SUSPICIOUS_MOVE = YES;
				CLANG_WARN_UNGUARDED_AVAILABILITY = YES_AGGRESSIVE;
				CLANG_WARN_UNREACHABLE_CODE = YES;
				CLANG_WARN__DUPLICATE_METHOD_MATCH = YES;
				COPY_PHASE_STRIP = NO;
				DEBUG_INFORMATION_FORMAT = "dwarf-with-dsym";
				ENABLE_NS_ASSERTIONS = NO;
				ENABLE_STRICT_OBJC_MSGSEND = YES;
				GCC_C_LANGUAGE_STANDARD = gnu11;
				GCC_NO_COMMON_BLOCKS = YES;
				GCC_WARN_64_TO_32_BIT_CONVERSION = YES;
				GCC_WARN_ABOUT_RETURN_TYPE = YES_ERROR;
				GCC_WARN_UNDECLARED_SELECTOR = YES;
				GCC_WARN_UNINITIALIZED_AUTOS = YES_AGGRESSIVE;
				GCC_WARN_UNUSED_FUNCTION = YES;
				GCC_WARN_UNUSED_VARIABLE = YES;
				IPHONEOS_DEPLOYMENT_TARGET = 13.2;
				MTL_ENABLE_DEBUG_INFO = NO;
				MTL_FAST_MATH = YES;
				SDKROOT = iphoneos;
				SWIFT_COMPILATION_MODE = wholemodule;
				SWIFT_OPTIMIZATION_LEVEL = "-O";
				VALIDATE_PRODUCT = YES;
			};
			name = Release;
		};
		BAE4C89823B477C9004377C7 /* Debug */ = {
			isa = XCBuildConfiguration;
			buildSettings = {
				ASSETCATALOG_COMPILER_APPICON_NAME = AppIcon;
				CODE_SIGN_STYLE = Automatic;
				DEVELOPMENT_ASSET_PATHS = "\"ChecklistSwiftUI/Preview Content\"";
				DEVELOPMENT_TEAM = 4A9G74U4RU;
				ENABLE_PREVIEWS = YES;
				INFOPLIST_FILE = ChecklistSwiftUI/Info.plist;
				LD_RUNPATH_SEARCH_PATHS = (
					"$(inherited)",
					"@executable_path/Frameworks",
				);
				PRODUCT_BUNDLE_IDENTIFIER = np.com.sagunrajlage.ChecklistSwiftUI;
				PRODUCT_NAME = "$(TARGET_NAME)";
				SWIFT_VERSION = 5.0;
				TARGETED_DEVICE_FAMILY = "1,2";
			};
			name = Debug;
		};
		BAE4C89923B477C9004377C7 /* Release */ = {
			isa = XCBuildConfiguration;
			buildSettings = {
				ASSETCATALOG_COMPILER_APPICON_NAME = AppIcon;
				CODE_SIGN_STYLE = Automatic;
				DEVELOPMENT_ASSET_PATHS = "\"ChecklistSwiftUI/Preview Content\"";
				DEVELOPMENT_TEAM = 4A9G74U4RU;
				ENABLE_PREVIEWS = YES;
				INFOPLIST_FILE = ChecklistSwiftUI/Info.plist;
				LD_RUNPATH_SEARCH_PATHS = (
					"$(inherited)",
					"@executable_path/Frameworks",
				);
				PRODUCT_BUNDLE_IDENTIFIER = np.com.sagunrajlage.ChecklistSwiftUI;
				PRODUCT_NAME = "$(TARGET_NAME)";
				SWIFT_VERSION = 5.0;
				TARGETED_DEVICE_FAMILY = "1,2";
			};
			name = Release;
		};
/* End XCBuildConfiguration section */

/* Begin XCConfigurationList section */
		BAE4C87E23B477C5004377C7 /* Build configuration list for PBXProject "ChecklistSwiftUI" */ = {
			isa = XCConfigurationList;
			buildConfigurations = (
				BAE4C89523B477C9004377C7 /* Debug */,
				BAE4C89623B477C9004377C7 /* Release */,
			);
			defaultConfigurationIsVisible = 0;
			defaultConfigurationName = Release;
		};
		BAE4C89723B477C9004377C7 /* Build configuration list for PBXNativeTarget "ChecklistSwiftUI" */ = {
			isa = XCConfigurationList;
			buildConfigurations = (
				BAE4C89823B477C9004377C7 /* Debug */,
				BAE4C89923B477C9004377C7 /* Release */,
			);
			defaultConfigurationIsVisible = 0;
			defaultConfigurationName = Release;
		};
/* End XCConfigurationList section */
	};
	rootObject = BAE4C87B23B477C5004377C7 /* Project object */;
}
